// !$*UTF8*$!
{
	archiveVersion = 1;
	classes = {
	};
	objectVersion = 46;
	objects = {

/* Begin PBXBuildFile section */
		891CDCF71B828ABB00D28F36 /* DylibTemplateCalabash.dylib in Frameworks */ = {isa = PBXBuildFile; fileRef = 891CDCEB1B828ABB00D28F36 /* DylibTemplateCalabash.dylib */; };
/* End PBXBuildFile section */

/* Begin PBXContainerItemProxy section */
		891CDCF81B828ABB00D28F36 /* PBXContainerItemProxy */ = {
			isa = PBXContainerItemProxy;
			containerPortal = 891CDCE31B828ABB00D28F36 /* Project object */;
			proxyType = 1;
			remoteGlobalIDString = 891CDCEA1B828ABB00D28F36;
			remoteInfo = EntitlementInjector;
		};
/* End PBXContainerItemProxy section */

/* Begin PBXCopyFilesBuildPhase section */
		891CDCE91B828ABB00D28F36 /* CopyFiles */ = {
			isa = PBXCopyFilesBuildPhase;
			buildActionMask = 2147483647;
			dstPath = "include/$(PRODUCT_NAME)";
			dstSubfolderSpec = 16;
			files = (
			);
			runOnlyForDeploymentPostprocessing = 0;
		};
/* End PBXCopyFilesBuildPhase section */

/* Begin PBXFileReference section */
		891CDCEB1B828ABB00D28F36 /* DylibTemplateCalabash.dylib */ = {isa = PBXFileReference; explicitFileType = archive.ar; includeInIndex = 0; path = DylibTemplateCalabash.dylib; sourceTree = BUILT_PRODUCTS_DIR; };
		891CDCF61B828ABB00D28F36 /* DylibTemplateCalabash.xctest */ = {isa = PBXFileReference; explicitFileType = wrapper.cfbundle; includeInIndex = 0; path = DylibTemplateCalabash.xctest; sourceTree = BUILT_PRODUCTS_DIR; };
		891CDCFC1B828ABB00D28F36 /* Info.plist */ = {isa = PBXFileReference; lastKnownFileType = text.plist.xml; path = Info.plist; sourceTree = "<group>"; };
/* End PBXFileReference section */

/* Begin PBXFrameworksBuildPhase section */
		891CDCE81B828ABB00D28F36 /* Frameworks */ = {
			isa = PBXFrameworksBuildPhase;
			buildActionMask = 2147483647;
			files = (
			);
			runOnlyForDeploymentPostprocessing = 0;
		};
		891CDCF31B828ABB00D28F36 /* Frameworks */ = {
			isa = PBXFrameworksBuildPhase;
			buildActionMask = 2147483647;
			files = (
				891CDCF71B828ABB00D28F36 /* DylibTemplateCalabash.dylib in Frameworks */,
			);
			runOnlyForDeploymentPostprocessing = 0;
		};
/* End PBXFrameworksBuildPhase section */

/* Begin PBXGroup section */
		891CDCE21B828ABB00D28F36 = {
			isa = PBXGroup;
			children = (
				891CDCFA1B828ABB00D28F36 /* DylibFiles */,
				891CDCEC1B828ABB00D28F36 /* Products */,
			);
			sourceTree = "<group>";
		};
		891CDCEC1B828ABB00D28F36 /* Products */ = {
			isa = PBXGroup;
			children = (
				891CDCEB1B828ABB00D28F36 /* DylibTemplateCalabash.dylib */,
				891CDCF61B828ABB00D28F36 /* DylibTemplateCalabash.xctest */,
			);
			name = Products;
			sourceTree = "<group>";
		};
		891CDCFA1B828ABB00D28F36 /* DylibFiles */ = {
			isa = PBXGroup;
			children = (
				891CDCFB1B828ABB00D28F36 /* Supporting Files */,
			);
			name = DylibFiles;
			path = EntitlementInjectorTests;
			sourceTree = "<group>";
		};
		891CDCFB1B828ABB00D28F36 /* Supporting Files */ = {
			isa = PBXGroup;
			children = (
				891CDCFC1B828ABB00D28F36 /* Info.plist */,
			);
			name = "Supporting Files";
			sourceTree = "<group>";
		};
/* End PBXGroup section */

/* Begin PBXNativeTarget section */
		891CDCEA1B828ABB00D28F36 /* DylibTemplate */ = {
			isa = PBXNativeTarget;
			buildConfigurationList = 891CDCFF1B828ABB00D28F36 /* Build configuration list for PBXNativeTarget "DylibTemplate" */;
			buildPhases = (
				891CDCE71B828ABB00D28F36 /* Sources */,
				891CDCE81B828ABB00D28F36 /* Frameworks */,
				891CDCE91B828ABB00D28F36 /* CopyFiles */,
			);
			buildRules = (
			);
			dependencies = (
			);
			name = DylibTemplate;
			productName = EntitlementInjector;
			productReference = 891CDCEB1B828ABB00D28F36 /* DylibTemplateCalabash.dylib */;
			productType = "com.apple.product-type.library.static";
		};
		891CDCF51B828ABB00D28F36 /* DylibTemplateTests */ = {
			isa = PBXNativeTarget;
			buildConfigurationList = 891CDD021B828ABB00D28F36 /* Build configuration list for PBXNativeTarget "DylibTemplateTests" */;
			buildPhases = (
				891CDCF21B828ABB00D28F36 /* Sources */,
				891CDCF31B828ABB00D28F36 /* Frameworks */,
				891CDCF41B828ABB00D28F36 /* Resources */,
			);
			buildRules = (
			);
			dependencies = (
				891CDCF91B828ABB00D28F36 /* PBXTargetDependency */,
			);
			name = DylibTemplateTests;
			productName = EntitlementInjectorTests;
			productReference = 891CDCF61B828ABB00D28F36 /* DylibTemplateCalabash.xctest */;
			productType = "com.apple.product-type.bundle.unit-test";
		};
/* End PBXNativeTarget section */

/* Begin PBXProject section */
		891CDCE31B828ABB00D28F36 /* Project object */ = {
			isa = PBXProject;
			attributes = {
				LastUpgradeCheck = 0640;
				ORGANIZATIONNAME = Xamarin;
				TargetAttributes = {
					891CDCEA1B828ABB00D28F36 = {
						CreatedOnToolsVersion = 6.4;
					};
					891CDCF51B828ABB00D28F36 = {
						CreatedOnToolsVersion = 6.4;
					};
				};
			};
			buildConfigurationList = 891CDCE61B828ABB00D28F36 /* Build configuration list for PBXProject "DylibTemplate" */;
			compatibilityVersion = "Xcode 3.2";
			developmentRegion = English;
			hasScannedForEncodings = 0;
			knownRegions = (
				en,
			);
			mainGroup = 891CDCE21B828ABB00D28F36;
			productRefGroup = 891CDCEC1B828ABB00D28F36 /* Products */;
			projectDirPath = "";
			projectRoot = "";
			targets = (
				891CDCEA1B828ABB00D28F36 /* DylibTemplate */,
				891CDCF51B828ABB00D28F36 /* DylibTemplateTests */,
			);
		};
/* End PBXProject section */

/* Begin PBXResourcesBuildPhase section */
		891CDCF41B828ABB00D28F36 /* Resources */ = {
			isa = PBXResourcesBuildPhase;
			buildActionMask = 2147483647;
			files = (
			);
			runOnlyForDeploymentPostprocessing = 0;
		};
/* End PBXResourcesBuildPhase section */

/* Begin PBXSourcesBuildPhase section */
		891CDCE71B828ABB00D28F36 /* Sources */ = {
			isa = PBXSourcesBuildPhase;
			buildActionMask = 2147483647;
			files = (
			);
			runOnlyForDeploymentPostprocessing = 0;
		};
		891CDCF21B828ABB00D28F36 /* Sources */ = {
			isa = PBXSourcesBuildPhase;
			buildActionMask = 2147483647;
			files = (
			);
			runOnlyForDeploymentPostprocessing = 0;
		};
/* End PBXSourcesBuildPhase section */

/* Begin PBXTargetDependency section */
		891CDCF91B828ABB00D28F36 /* PBXTargetDependency */ = {
			isa = PBXTargetDependency;
			target = 891CDCEA1B828ABB00D28F36 /* DylibTemplate */;
			targetProxy = 891CDCF81B828ABB00D28F36 /* PBXContainerItemProxy */;
		};
/* End PBXTargetDependency section */

/* Begin XCBuildConfiguration section */
		891CDCFD1B828ABB00D28F36 /* Debug */ = {
			isa = XCBuildConfiguration;
			buildSettings = {
				ALWAYS_SEARCH_USER_PATHS = NO;
				CLANG_CXX_LANGUAGE_STANDARD = "gnu++0x";
				CLANG_CXX_LIBRARY = "libc++";
				CLANG_ENABLE_MODULES = YES;
				CLANG_ENABLE_OBJC_ARC = YES;
				CLANG_WARN_BOOL_CONVERSION = YES;
				CLANG_WARN_CONSTANT_CONVERSION = YES;
				CLANG_WARN_DIRECT_OBJC_ISA_USAGE = YES_ERROR;
				CLANG_WARN_EMPTY_BODY = YES;
				CLANG_WARN_ENUM_CONVERSION = YES;
				CLANG_WARN_INT_CONVERSION = YES;
				CLANG_WARN_OBJC_ROOT_CLASS = YES_ERROR;
				CLANG_WARN_UNREACHABLE_CODE = YES;
				CLANG_WARN__DUPLICATE_METHOD_MATCH = YES;
				COPY_PHASE_STRIP = NO;
				DEBUG_INFORMATION_FORMAT = "dwarf-with-dsym";
				ENABLE_STRICT_OBJC_MSGSEND = YES;
				GCC_C_LANGUAGE_STANDARD = gnu99;
				GCC_DYNAMIC_NO_PIC = NO;
				GCC_NO_COMMON_BLOCKS = YES;
				GCC_OPTIMIZATION_LEVEL = 0;
				GCC_PREPROCESSOR_DEFINITIONS = (
					"DEBUG=1",
					"$(inherited)",
				);
				GCC_SYMBOLS_PRIVATE_EXTERN = NO;
				GCC_WARN_64_TO_32_BIT_CONVERSION = YES;
				GCC_WARN_ABOUT_RETURN_TYPE = YES_ERROR;
				GCC_WARN_UNDECLARED_SELECTOR = YES;
				GCC_WARN_UNINITIALIZED_AUTOS = YES_AGGRESSIVE;
				GCC_WARN_UNUSED_FUNCTION = YES;
				GCC_WARN_UNUSED_VARIABLE = YES;
				IPHONEOS_DEPLOYMENT_TARGET = 8.4;
				MTL_ENABLE_DEBUG_INFO = YES;
				ONLY_ACTIVE_ARCH = YES;
				SDKROOT = iphoneos;
			};
			name = Debug;
		};
		891CDCFE1B828ABB00D28F36 /* Release */ = {
			isa = XCBuildConfiguration;
			buildSettings = {
				ALWAYS_SEARCH_USER_PATHS = NO;
				CLANG_CXX_LANGUAGE_STANDARD = "gnu++0x";
				CLANG_CXX_LIBRARY = "libc++";
				CLANG_ENABLE_MODULES = YES;
				CLANG_ENABLE_OBJC_ARC = YES;
				CLANG_WARN_BOOL_CONVERSION = YES;
				CLANG_WARN_CONSTANT_CONVERSION = YES;
				CLANG_WARN_DIRECT_OBJC_ISA_USAGE = YES_ERROR;
				CLANG_WARN_EMPTY_BODY = YES;
				CLANG_WARN_ENUM_CONVERSION = YES;
				CLANG_WARN_INT_CONVERSION = YES;
				CLANG_WARN_OBJC_ROOT_CLASS = YES_ERROR;
				CLANG_WARN_UNREACHABLE_CODE = YES;
				CLANG_WARN__DUPLICATE_METHOD_MATCH = YES;
				COPY_PHASE_STRIP = NO;
				DEBUG_INFORMATION_FORMAT = "dwarf-with-dsym";
				ENABLE_NS_ASSERTIONS = NO;
				ENABLE_STRICT_OBJC_MSGSEND = YES;
				GCC_C_LANGUAGE_STANDARD = gnu99;
				GCC_NO_COMMON_BLOCKS = YES;
				GCC_WARN_64_TO_32_BIT_CONVERSION = YES;
				GCC_WARN_ABOUT_RETURN_TYPE = YES_ERROR;
				GCC_WARN_UNDECLARED_SELECTOR = YES;
				GCC_WARN_UNINITIALIZED_AUTOS = YES_AGGRESSIVE;
				GCC_WARN_UNUSED_FUNCTION = YES;
				GCC_WARN_UNUSED_VARIABLE = YES;
				IPHONEOS_DEPLOYMENT_TARGET = 8.4;
				MTL_ENABLE_DEBUG_INFO = NO;
				SDKROOT = iphoneos;
				VALIDATE_PRODUCT = YES;
			};
			name = Release;
		};
		891CDD001B828ABB00D28F36 /* Debug */ = {
			isa = XCBuildConfiguration;
			buildSettings = {
				DYLIB_COMPATIBILITY_VERSION = 1;
				DYLIB_CURRENT_VERSION = 1;
				DYLIB_INSTALL_NAME_BASE = /usr/local/lib;
				EXECUTABLE_EXTENSION = dylib;
				EXECUTABLE_PREFIX = "";
				LD_DYLIB_INSTALL_NAME = /usr/local/lib/EntitlementInjectorCalabash.dylib;
				MACH_O_TYPE = mh_dylib;
				OTHER_LDFLAGS = "-ObjC";
				PRODUCT_NAME = DylibTemplateCalabash;
				SKIP_INSTALL = YES;
			};
			name = Debug;
		};
		891CDD011B828ABB00D28F36 /* Release */ = {
			isa = XCBuildConfiguration;
			buildSettings = {
				DYLIB_COMPATIBILITY_VERSION = 1;
				DYLIB_CURRENT_VERSION = 1;
				DYLIB_INSTALL_NAME_BASE = /usr/local/lib;
				EXECUTABLE_EXTENSION = dylib;
				EXECUTABLE_PREFIX = "";
				LD_DYLIB_INSTALL_NAME = /usr/local/lib/EntitlementInjectorCalabash.dylib;
				MACH_O_TYPE = mh_dylib;
				OTHER_LDFLAGS = "-ObjC";
				PRODUCT_NAME = DylibTemplateCalabash;
				SKIP_INSTALL = YES;
			};
			name = Release;
		};
		891CDD031B828ABB00D28F36 /* Debug */ = {
			isa = XCBuildConfiguration;
			buildSettings = {
				"CODE_SIGN_IDENTITY[sdk=iphoneos*]" = "iPhone Developer";
				FRAMEWORK_SEARCH_PATHS = (
					"$(SDKROOT)/Developer/Library/Frameworks",
					"$(inherited)",
				);
				GCC_PREPROCESSOR_DEFINITIONS = (
					"DEBUG=1",
					"$(inherited)",
				);
				INFOPLIST_FILE = EntitlementInjectorTests/Info.plist;
				LD_RUNPATH_SEARCH_PATHS = "$(inherited) @executable_path/Frameworks @loader_path/Frameworks";
				PRODUCT_NAME = DylibTemplateCalabash;
			};
			name = Debug;
		};
		891CDD041B828ABB00D28F36 /* Release */ = {
			isa = XCBuildConfiguration;
			buildSettings = {
				"CODE_SIGN_IDENTITY[sdk=iphoneos*]" = "iPhone Developer";
				FRAMEWORK_SEARCH_PATHS = (
					"$(SDKROOT)/Developer/Library/Frameworks",
					"$(inherited)",
				);
				INFOPLIST_FILE = EntitlementInjectorTests/Info.plist;
				LD_RUNPATH_SEARCH_PATHS = "$(inherited) @executable_path/Frameworks @loader_path/Frameworks";
				PRODUCT_NAME = DylibTemplateCalabash;
			};
			name = Release;
		};
/* End XCBuildConfiguration section */

/* Begin XCConfigurationList section */
		891CDCE61B828ABB00D28F36 /* Build configuration list for PBXProject "DylibTemplate" */ = {
			isa = XCConfigurationList;
			buildConfigurations = (
				891CDCFD1B828ABB00D28F36 /* Debug */,
				891CDCFE1B828ABB00D28F36 /* Release */,
			);
			defaultConfigurationIsVisible = 0;
			defaultConfigurationName = Release;
		};
		891CDCFF1B828ABB00D28F36 /* Build configuration list for PBXNativeTarget "DylibTemplate" */ = {
			isa = XCConfigurationList;
			buildConfigurations = (
				891CDD001B828ABB00D28F36 /* Debug */,
				891CDD011B828ABB00D28F36 /* Release */,
			);
			defaultConfigurationIsVisible = 0;
			defaultConfigurationName = Release;
		};
		891CDD021B828ABB00D28F36 /* Build configuration list for PBXNativeTarget "DylibTemplateTests" */ = {
			isa = XCConfigurationList;
			buildConfigurations = (
				891CDD031B828ABB00D28F36 /* Debug */,
				891CDD041B828ABB00D28F36 /* Release */,
			);
			defaultConfigurationIsVisible = 0;
			defaultConfigurationName = Release;
		};
/* End XCConfigurationList section */
	};
	rootObject = 891CDCE31B828ABB00D28F36 /* Project object */;
}
